
Microsoft Visual Studio Solution File, Format Version 12.00
# Visual Studio Version 17
VisualStudioVersion = 17.14.36908.2
MinimumVisualStudioVersion = 10.0.40219.1
Project("{8BC9CEB8-8B4A-11D0-8D11-00A0C91BC942}") = "BinarySearch", "BinarySearch\BinarySearch.vcxproj", "{81A7E208-4A69-4CE7-AC92-E4EBB9465116}"
EndProject
Project("{8BC9CEB8-8B4A-11D0-8D11-00A0C91BC942}") = "Random", "Random\Random.vcxproj", "{4D289F56-D07F-4536-8ABC-9E68CC77AE2D}"
EndProject
Project("{8BC9CEB8-8B4A-11D0-8D11-00A0C91BC942}") = "BubbleSort", "BubbleSort\BubbleSort.vcxproj", "{40D34375-EEA3-457A-B42E-57C9CF98F116}"
EndProject
Project("{8BC9CEB8-8B4A-11D0-8D11-00A0C91BC942}") = "SelectionSort", "SelectionSort\SelectionSort.vcxproj", "{30EC0E27-338D-427F-A3F6-9CEA9D3A64F2}"
EndProject
Project("{8BC9CEB8-8B4A-11D0-8D11-00A0C91BC942}") = "InsertionSort", "InsertionSort\InsertionSort.vcxproj", "{E7246136-D4B9-4E1D-99BE-701B847F4BD7}"
EndProject
Project("{8BC9CEB8-8B4A-11D0-8D11-00A0C91BC942}") = "QuickSort", "QuickSort\QuickSort.vcxproj", "{C4B80C15-7AFC-4635-BD42-E72AFC8A0395}"
EndProject
Project("{8BC9CEB8-8B4A-11D0-8D11-00A0C91BC942}") = "MergeSort", "MergeSort\MergeSort.vcxproj", "{8FFE4739-53C8-457F-BAA4-6E7032F50366}"
EndProject
Global
	GlobalSection(SolutionConfigurationPlatforms) = preSolution
		Debug|x64 = Debug|x64
		Debug|x86 = Debug|x86
		Release|x64 = Release|x64
		Release|x86 = Release|x86
	EndGlobalSection
	GlobalSection(ProjectConfigurationPlatforms) = postSolution
		{81A7E208-4A69-4CE7-AC92-E4EBB9465116}.Debug|x64.ActiveCfg = Debug|x64
		{81A7E208-4A69-4CE7-AC92-E4EBB9465116}.Debug|x64.Build.0 = Debug|x64
		{81A7E208-4A69-4CE7-AC92-E4EBB9465116}.Debug|x86.ActiveCfg = Debug|x64
		{81A7E208-4A69-4CE7-AC92-E4EBB9465116}.Release|x64.ActiveCfg = Release|x64
		{81A7E208-4A69-4CE7-AC92-E4EBB9465116}.Release|x64.Build.0 = Release|x64
		{81A7E208-4A69-4CE7-AC92-E4EBB9465116}.Release|x86.ActiveCfg = Release|x64
		{4D289F56-D07F-4536-8ABC-9E68CC77AE2D}.Debug|x64.ActiveCfg = Debug|x64
		{4D289F56-D07F-4536-8ABC-9E68CC77AE2D}.Debug|x64.Build.0 = Debug|x64
		{4D289F56-D07F-4536-8ABC-9E68CC77AE2D}.Debug|x86.ActiveCfg = Debug|x64
		{4D289F56-D07F-4536-8ABC-9E68CC77AE2D}.Release|x64.ActiveCfg = Release|x64
		{4D289F56-D07F-4536-8ABC-9E68CC77AE2D}.Release|x64.Build.0 = Release|x64
		{4D289F56-D07F-4536-8ABC-9E68CC77AE2D}.Release|x86.ActiveCfg = Release|x64
		{40D34375-EEA3-457A-B42E-57C9CF98F116}.Debug|x64.ActiveCfg = Debug|x64
		{40D34375-EEA3-457A-B42E-57C9CF98F116}.Debug|x64.Build.0 = Debug|x64
		{40D34375-EEA3-457A-B42E-57C9CF98F116}.Debug|x86.ActiveCfg = Debug|x64
		{40D34375-EEA3-457A-B42E-57C9CF98F116}.Release|x64.ActiveCfg = Release|x64
		{40D34375-EEA3-457A-B42E-57C9CF98F116}.Release|x64.Build.0 = Release|x64
		{40D34375-EEA3-457A-B42E-57C9CF98F116}.Release|x86.ActiveCfg = Release|x64
		{30EC0E27-338D-427F-A3F6-9CEA9D3A64F2}.Debug|x64.ActiveCfg = Debug|x64
		{30EC0E27-338D-427F-A3F6-9CEA9D3A64F2}.Debug|x64.Build.0 = Debug|x64
		{30EC0E27-338D-427F-A3F6-9CEA9D3A64F2}.Debug|x86.ActiveCfg = Debug|x64
		{30EC0E27-338D-427F-A3F6-9CEA9D3A64F2}.Release|x64.ActiveCfg = Release|x64
		{30EC0E27-338D-427F-A3F6-9CEA9D3A64F2}.Release|x64.Build.0 = Release|x64
		{30EC0E27-338D-427F-A3F6-9CEA9D3A64F2}.Release|x86.ActiveCfg = Release|x64
		{E7246136-D4B9-4E1D-99BE-701B847F4BD7}.Debug|x64.ActiveCfg = Debug|x64
		{E7246136-D4B9-4E1D-99BE-701B847F4BD7}.Debug|x64.Build.0 = Debug|x64
		{E7246136-D4B9-4E1D-99BE-701B847F4BD7}.Debug|x86.ActiveCfg = Debug|x64
		{E7246136-D4B9-4E1D-99BE-701B847F4BD7}.Release|x64.ActiveCfg = Release|x64
		{E7246136-D4B9-4E1D-99BE-701B847F4BD7}.Release|x64.Build.0 = Release|x64
		{E7246136-D4B9-4E1D-99BE-701B847F4BD7}.Release|x86.ActiveCfg = Release|x64
		{C4B80C15-7AFC-4635-BD42-E72AFC8A0395}.Debug|x64.ActiveCfg = Debug|x64
		{C4B80C15-7AFC-4635-BD42-E72AFC8A0395}.Debug|x64.Build.0 = Debug|x64
		{C4B80C15-7AFC-4635-BD42-E72AFC8A0395}.Debug|x86.ActiveCfg = Debug|x64
		{C4B80C15-7AFC-4635-BD42-E72AFC8A0395}.Release|x64.ActiveCfg = Release|x64
		{C4B80C15-7AFC-4635-BD42-E72AFC8A0395}.Release|x64.Build.0 = Release|x64
		{C4B80C15-7AFC-4635-BD42-E72AFC8A0395}.Release|x86.ActiveCfg = Release|x64
		{8FFE4739-53C8-457F-BAA4-6E7032F50366}.Debug|x64.ActiveCfg = Debug|x64
		{8FFE4739-53C8-457F-BAA4-6E7032F50366}.Debug|x64.Build.0 = Debug|x64
		{8FFE4739-53C8-457F-BAA4-6E7032F50366}.Debug|x86.ActiveCfg = Debug|x64
		{8FFE4739-53C8-457F-BAA4-6E7032F50366}.Release|x64.ActiveCfg = Release|x64
		{8FFE4739-53C8-457F-BAA4-6E7032F50366}.Release|x64.Build.0 = Release|x64
		{8FFE4739-53C8-457F-BAA4-6E7032F50366}.Release|x86.ActiveCfg = Release|x64
	EndGlobalSection
	GlobalSection(SolutionProperties) = preSolution
		HideSolutionNode = FALSE
	EndGlobalSection
	GlobalSection(ExtensibilityGlobals) = postSolution
		SolutionGuid = {EBDDEA42-51B8-4193-9E19-DD1D0D645FE9}
	EndGlobalSection
EndGlobal
